
Microsoft Visual Studio Solution File, Format Version 12.00
# Visual Studio 15
VisualStudioVersion = 15.0.27703.2035
MinimumVisualStudioVersion = 10.0.40219.1
Project("{9A19103F-16F7-4668-BE54-9A1E7A4F7556}") = "Binding.PhotoEditor", "Binding.PhotoEditor\Binding.PhotoEditor.csproj", "{7CED905A-D498-4F83-AF64-8238E57A5467}"
EndProject
Project("{9A19103F-16F7-4668-BE54-9A1E7A4F7556}") = "PhotoEditor.Android.Binding", "PhotoEditor.Android.Binding\PhotoEditor.Android.Binding.csproj", "{4BBA1653-6A64-4F10-B9E1-6D14CE623800}"
EndProject
Project("{9A19103F-16F7-4668-BE54-9A1E7A4F7556}") = "PhotoEditor.iOS.Binding", "PhotoEditor.iOS.Binding\PhotoEditor.iOS.Binding.csproj", "{92CDD9B9-CFD2-4F8D-BB5F-823B5F4321B8}"
EndProject
Global
	GlobalSection(SolutionConfigurationPlatforms) = preSolution
		Debug|Any CPU = Debug|Any CPU
		Release|Any CPU = Release|Any CPU
	EndGlobalSection
	GlobalSection(ProjectConfigurationPlatforms) = postSolution
		{7CED905A-D498-4F83-AF64-8238E57A5467}.Debug|Any CPU.ActiveCfg = Debug|Any CPU
		{7CED905A-D498-4F83-AF64-8238E57A5467}.Debug|Any CPU.Build.0 = Debug|Any CPU
		{7CED905A-D498-4F83-AF64-8238E57A5467}.Release|Any CPU.ActiveCfg = Release|Any CPU
		{7CED905A-D498-4F83-AF64-8238E57A5467}.Release|Any CPU.Build.0 = Release|Any CPU
		{4BBA1653-6A64-4F10-B9E1-6D14CE623800}.Debug|Any CPU.ActiveCfg = Debug|Any CPU
		{4BBA1653-6A64-4F10-B9E1-6D14CE623800}.Debug|Any CPU.Build.0 = Debug|Any CPU
		{4BBA1653-6A64-4F10-B9E1-6D14CE623800}.Release|Any CPU.ActiveCfg = Release|Any CPU
		{4BBA1653-6A64-4F10-B9E1-6D14CE623800}.Release|Any CPU.Build.0 = Release|Any CPU
		{92CDD9B9-CFD2-4F8D-BB5F-823B5F4321B8}.Debug|Any CPU.ActiveCfg = Debug|Any CPU
		{92CDD9B9-CFD2-4F8D-BB5F-823B5F4321B8}.Debug|Any CPU.Build.0 = Debug|Any CPU
		{92CDD9B9-CFD2-4F8D-BB5F-823B5F4321B8}.Release|Any CPU.ActiveCfg = Release|Any CPU
		{92CDD9B9-CFD2-4F8D-BB5F-823B5F4321B8}.Release|Any CPU.Build.0 = Release|Any CPU
	EndGlobalSection
	GlobalSection(SolutionProperties) = preSolution
		HideSolutionNode = FALSE
	EndGlobalSection
	GlobalSection(ExtensibilityGlobals) = postSolution
		SolutionGuid = {4E3A79AA-AB71-4AC5-B604-B1D2A791930A}
	EndGlobalSection
EndGlobal
