
Microsoft Visual Studio Solution File, Format Version 12.00
# Visual Studio 15
VisualStudioVersion = 15.0.28010.2048
MinimumVisualStudioVersion = 10.0.40219.1
Project("{FAE04EC0-301F-11D3-BF4B-00C04F79EFBC}") = "Testing", "Testing\Testing.csproj", "{3BC0AC7E-3B3B-4D3F-9CC0-B2BDECC460A6}"
EndProject
Project("{FAE04EC0-301F-11D3-BF4B-00C04F79EFBC}") = "PhotoEditor.Android.Mobile.UI.Core.Binding", "PhotoEditor.Android.Mobile.UI.Core.Binding\PhotoEditor.Android.Mobile.UI.Core.Binding.csproj", "{F2841EAF-961B-43B8-8AD1-6359416E55CA}"
EndProject
Project("{FAE04EC0-301F-11D3-BF4B-00C04F79EFBC}") = "PhotoEditor.Android.Backend.Core.Binding", "PhotoEditor.Android.Backend.Core.Binding\PhotoEditor.Android.Backend.Core.Binding.csproj", "{E1C9ED10-5403-4BE1-B8BB-EF7E791F9182}"
EndProject
Project("{FAE04EC0-301F-11D3-BF4B-00C04F79EFBC}") = "PhotoEditor.Android.Authorization.Binding", "PhotoEditor.Android.Authorization.Binding\PhotoEditor.Android.Authorization.Binding.csproj", "{D9B6D3B4-A648-4A46-AE54-848CD7AA209D}"
EndProject
Project("{FAE04EC0-301F-11D3-BF4B-00C04F79EFBC}") = "PhotoEditor.Android.Backend.Focus.Binding", "PhotoEditor.Android.Backend.Focus.Binding\PhotoEditor.Android.Backend.Focus.Binding.csproj", "{4C8339CC-DDA9-4E91-BA3F-BFC70266580D}"
EndProject
Project("{FAE04EC0-301F-11D3-BF4B-00C04F79EFBC}") = "PhotoEditor.Android.Backend.Overlay.Binding", "PhotoEditor.Android.Backend.Overlay.Binding\PhotoEditor.Android.Backend.Overlay.Binding.csproj", "{1475D213-DB0A-4A37-B72C-105DA1A58E6F}"
EndProject
Project("{FAE04EC0-301F-11D3-BF4B-00C04F79EFBC}") = "PhotoEditor.Android.Backend.Frame.Binding", "PhotoEditor.Android.Backend.Frame.Binding\PhotoEditor.Android.Backend.Frame.Binding.csproj", "{AF13953F-BD25-42C1-B8E1-2CB16D02802F}"
EndProject
Project("{FAE04EC0-301F-11D3-BF4B-00C04F79EFBC}") = "PhotoEditor.Android.Backend.Brush.Binding", "PhotoEditor.Android.Backend.Brush.Binding\PhotoEditor.Android.Backend.Brush.Binding.csproj", "{B94B60E3-5659-48FE-A2D7-EE1A2B3863A8}"
EndProject
Project("{FAE04EC0-301F-11D3-BF4B-00C04F79EFBC}") = "PhotoEditor.Android.Annotation.Binding", "PhotoEditor.Android.Annotation.Binding\PhotoEditor.Android.Annotation.Binding.csproj", "{4CBE42D2-C01D-428C-A2E1-1AC54C55BB05}"
EndProject
Project("{FAE04EC0-301F-11D3-BF4B-00C04F79EFBC}") = "PhotoEditor.Android.Mobile.UI.Sticker.Binding", "PhotoEditor.Android.Mobile.UI.Sticker.Binding\PhotoEditor.Android.Mobile.UI.Sticker.Binding.csproj", "{96DBD08E-0801-4CBA-A144-B30AE60AF491}"
EndProject
Project("{FAE04EC0-301F-11D3-BF4B-00C04F79EFBC}") = "PhotoEditor.Android.Backend.Sticker.Binding", "PhotoEditor.Android.Backend.Sticker.Binding\PhotoEditor.Android.Backend.Sticker.Binding.csproj", "{143DAA09-AD64-4431-A4EF-01960327B2F6}"
EndProject
Project("{FAE04EC0-301F-11D3-BF4B-00C04F79EFBC}") = "PhotoEditor.Android.All.Binding", "PhotoEditor.Android.All.Binding\PhotoEditor.Android.All.Binding.csproj", "{535C9036-CE46-4B70-9945-C9C85B90A04B}"
EndProject
Project("{FAE04EC0-301F-11D3-BF4B-00C04F79EFBC}") = "PhotoEditor.Android.Backend.Abstract.Sticker.Binding", "PhotoEditor.Android.Backend.Abstract.Sticker.Binding\PhotoEditor.Android.Backend.Abstract.Sticker.Binding.csproj", "{799CB80F-942A-4AC0-B7E4-6D2EC9586CF8}"
EndProject
Project("{FAE04EC0-301F-11D3-BF4B-00C04F79EFBC}") = "PhotoEditor.Android.Backend.Adjustment.Binding", "PhotoEditor.Android.Backend.Adjustment.Binding\PhotoEditor.Android.Backend.Adjustment.Binding.csproj", "{5A4B7CEB-9745-41C5-B541-31C131EB8D77}"
EndProject
Project("{FAE04EC0-301F-11D3-BF4B-00C04F79EFBC}") = "PhotoEditor.Android.Backend.Camera.Binding", "PhotoEditor.Android.Backend.Camera.Binding\PhotoEditor.Android.Backend.Camera.Binding.csproj", "{43EC56FD-08A7-4409-97B7-5269AABACB9B}"
EndProject
Project("{FAE04EC0-301F-11D3-BF4B-00C04F79EFBC}") = "PhotoEditor.Android.Backend.Filter.Binding", "PhotoEditor.Android.Backend.Filter.Binding\PhotoEditor.Android.Backend.Filter.Binding.csproj", "{31ACAD88-4802-4232-B08B-0E29DE3A4E1E}"
EndProject
Project("{FAE04EC0-301F-11D3-BF4B-00C04F79EFBC}") = "PhotoEditor.Android.Backend.Text.Binding", "PhotoEditor.Android.Backend.Text.Binding\PhotoEditor.Android.Backend.Text.Binding.csproj", "{41102F51-F407-4785-9AFE-3D188C490889}"
EndProject
Project("{FAE04EC0-301F-11D3-BF4B-00C04F79EFBC}") = "PhotoEditor.Android.Assets.Filter.Binding", "PhotoEditor.Android.Assets.Filter.Binding\PhotoEditor.Android.Assets.Filter.Binding.csproj", "{69F08CDD-E8CD-42D0-B8C6-561D95D1D596}"
EndProject
Project("{FAE04EC0-301F-11D3-BF4B-00C04F79EFBC}") = "PhotoEditor.Android.Assets.Frame.Binding", "PhotoEditor.Android.Assets.Frame.Binding\PhotoEditor.Android.Assets.Frame.Binding.csproj", "{8D4C9508-F830-43BE-971D-77C39DC6F0F6}"
EndProject
Project("{FAE04EC0-301F-11D3-BF4B-00C04F79EFBC}") = "PhotoEditor.Android.Assets.Overlay.Binding", "PhotoEditor.Android.Assets.Overlay.Binding\PhotoEditor.Android.Assets.Overlay.Binding.csproj", "{41F1A082-9968-4677-A7F3-C1031CCE992D}"
EndProject
Project("{FAE04EC0-301F-11D3-BF4B-00C04F79EFBC}") = "PhotoEditor.Android.Assets.Sticker.Emoticons.Binding", "PhotoEditor.Android.Assets.Sticker.Emoticons.Binding\PhotoEditor.Android.Assets.Sticker.Emoticons.Binding.csproj", "{008F5BE3-8B66-4BBE-A5EA-2795A086B144}"
EndProject
Project("{FAE04EC0-301F-11D3-BF4B-00C04F79EFBC}") = "PhotoEditor.Android.Assets.Sticker.Shapes.Binding", "PhotoEditor.Android.Assets.Sticker.Shapes.Binding\PhotoEditor.Android.Assets.Sticker.Shapes.Binding.csproj", "{0F0D19AD-A77D-4371-A0A4-B8A0CD98C194}"
EndProject
Project("{FAE04EC0-301F-11D3-BF4B-00C04F79EFBC}") = "PhotoEditor.Android.Mobile.UI.Adjustment.Binding", "PhotoEditor.Android.Mobile.UI.Adjustment.Binding\PhotoEditor.Android.Mobile.UI.Adjustment.Binding.csproj", "{68EB1C74-16D6-41BB-A186-0113B2040719}"
EndProject
Project("{FAE04EC0-301F-11D3-BF4B-00C04F79EFBC}") = "PhotoEditor.Android.Mobile.UI.Brush.Binding", "PhotoEditor.Android.Mobile.UI.Brush.Binding\PhotoEditor.Android.Mobile.UI.Brush.Binding.csproj", "{A5DCE118-BBB1-41FF-8034-51C5B0B5F3C7}"
EndProject
Project("{FAE04EC0-301F-11D3-BF4B-00C04F79EFBC}") = "PhotoEditor.Android.Mobile.UI.Camera.Binding", "PhotoEditor.Android.Mobile.UI.Camera.Binding\PhotoEditor.Android.Mobile.UI.Camera.Binding.csproj", "{D72EF0BE-42B1-4E45-B0C9-369A361945A2}"
EndProject
Project("{FAE04EC0-301F-11D3-BF4B-00C04F79EFBC}") = "PhotoEditor.Android.Mobile.UI.Filter.Binding", "PhotoEditor.Android.Mobile.UI.Filter.Binding\PhotoEditor.Android.Mobile.UI.Filter.Binding.csproj", "{F60A8C36-2B5C-4835-8946-47193726B4AD}"
EndProject
Project("{FAE04EC0-301F-11D3-BF4B-00C04F79EFBC}") = "PhotoEditor.Android.Mobile.UI.Focus.Binding", "PhotoEditor.Android.Mobile.UI.Focus.Binding\PhotoEditor.Android.Mobile.UI.Focus.Binding.csproj", "{92114E09-F85E-40A1-9A7D-05A4119A7C3A}"
EndProject
Project("{FAE04EC0-301F-11D3-BF4B-00C04F79EFBC}") = "PhotoEditor.Android.Mobile.UI.Frame.Binding", "PhotoEditor.Android.Mobile.UI.Frame.Binding\PhotoEditor.Android.Mobile.UI.Frame.Binding.csproj", "{222D84BB-49DD-477C-9BF9-30F3EAA2CCD5}"
EndProject
Project("{FAE04EC0-301F-11D3-BF4B-00C04F79EFBC}") = "PhotoEditor.Android.Mobile.UI.Overlay.Binding", "PhotoEditor.Android.Mobile.UI.Overlay.Binding\PhotoEditor.Android.Mobile.UI.Overlay.Binding.csproj", "{0F98DC8E-C6F8-4C4E-95A3-B43BC136E0C5}"
EndProject
Project("{FAE04EC0-301F-11D3-BF4B-00C04F79EFBC}") = "PhotoEditor.Android.Mobile.UI.Text.Binding", "PhotoEditor.Android.Mobile.UI.Text.Binding\PhotoEditor.Android.Mobile.UI.Text.Binding.csproj", "{87B0D2C2-F2B4-4260-B914-3F9597ACC0FC}"
EndProject
Project("{FAE04EC0-301F-11D3-BF4B-00C04F79EFBC}") = "PhotoEditor.Android.Mobile.UI.Transform.Binding", "PhotoEditor.Android.Mobile.UI.Transform.Binding\PhotoEditor.Android.Mobile.UI.Transform.Binding.csproj", "{5E88FD90-A21F-4F69-8154-1A851016BE73}"
EndProject
Project("{FAE04EC0-301F-11D3-BF4B-00C04F79EFBC}") = "PhotoEditor.Android.Assets.Font.Binding", "PhotoEditor.Android.Assets.Font.Binding\PhotoEditor.Android.Assets.Font.Binding.csproj", "{4A9B5D96-75B5-449B-8550-BFB6900D84FD}"
EndProject
Project("{FAE04EC0-301F-11D3-BF4B-00C04F79EFBC}") = "PhotoEditor.Android.Assets.Font.Design.Binding", "PhotoEditor.Android.Assets.Font.Design.Binding\PhotoEditor.Android.Assets.Font.Design.Binding.csproj", "{55125700-EB9B-43B6-B9F6-B9244F695BAF}"
EndProject
Project("{FAE04EC0-301F-11D3-BF4B-00C04F79EFBC}") = "PhotoEditor.Android.Backend.Text.Design.Binding", "PhotoEditor.Android.Backend.Text.Design.Binding\PhotoEditor.Android.Backend.Text.Design.Binding.csproj", "{24E21C3A-92D1-4D38-81A0-E393D83EE73E}"
EndProject
Project("{FAE04EC0-301F-11D3-BF4B-00C04F79EFBC}") = "PhotoEditor.Android.Mobile.UI.Text.Design.Binding", "PhotoEditor.Android.Mobile.UI.Text.Design.Binding\PhotoEditor.Android.Mobile.UI.Text.Design.Binding.csproj", "{680A0F32-3AB7-49F0-AEB7-CBF0D3C4DDFB}"
EndProject
Project("{FAE04EC0-301F-11D3-BF4B-00C04F79EFBC}") = "RenderScriptV8", "RenderScriptV8\RenderScriptV8.csproj", "{9A6D85F6-17BC-4C02-918B-AE9C7BA156E7}"
EndProject
Global
	GlobalSection(SolutionConfigurationPlatforms) = preSolution
		Debug|Any CPU = Debug|Any CPU
		Release|Any CPU = Release|Any CPU
	EndGlobalSection
	GlobalSection(ProjectConfigurationPlatforms) = postSolution
		{3BC0AC7E-3B3B-4D3F-9CC0-B2BDECC460A6}.Debug|Any CPU.ActiveCfg = Debug|Any CPU
		{3BC0AC7E-3B3B-4D3F-9CC0-B2BDECC460A6}.Debug|Any CPU.Build.0 = Debug|Any CPU
		{3BC0AC7E-3B3B-4D3F-9CC0-B2BDECC460A6}.Debug|Any CPU.Deploy.0 = Debug|Any CPU
		{3BC0AC7E-3B3B-4D3F-9CC0-B2BDECC460A6}.Release|Any CPU.ActiveCfg = Release|Any CPU
		{3BC0AC7E-3B3B-4D3F-9CC0-B2BDECC460A6}.Release|Any CPU.Build.0 = Release|Any CPU
		{3BC0AC7E-3B3B-4D3F-9CC0-B2BDECC460A6}.Release|Any CPU.Deploy.0 = Release|Any CPU
		{F2841EAF-961B-43B8-8AD1-6359416E55CA}.Debug|Any CPU.ActiveCfg = Debug|Any CPU
		{F2841EAF-961B-43B8-8AD1-6359416E55CA}.Debug|Any CPU.Build.0 = Debug|Any CPU
		{F2841EAF-961B-43B8-8AD1-6359416E55CA}.Release|Any CPU.ActiveCfg = Release|Any CPU
		{F2841EAF-961B-43B8-8AD1-6359416E55CA}.Release|Any CPU.Build.0 = Release|Any CPU
		{E1C9ED10-5403-4BE1-B8BB-EF7E791F9182}.Debug|Any CPU.ActiveCfg = Debug|Any CPU
		{E1C9ED10-5403-4BE1-B8BB-EF7E791F9182}.Debug|Any CPU.Build.0 = Debug|Any CPU
		{E1C9ED10-5403-4BE1-B8BB-EF7E791F9182}.Release|Any CPU.ActiveCfg = Release|Any CPU
		{E1C9ED10-5403-4BE1-B8BB-EF7E791F9182}.Release|Any CPU.Build.0 = Release|Any CPU
		{D9B6D3B4-A648-4A46-AE54-848CD7AA209D}.Debug|Any CPU.ActiveCfg = Debug|Any CPU
		{D9B6D3B4-A648-4A46-AE54-848CD7AA209D}.Debug|Any CPU.Build.0 = Debug|Any CPU
		{D9B6D3B4-A648-4A46-AE54-848CD7AA209D}.Release|Any CPU.ActiveCfg = Release|Any CPU
		{D9B6D3B4-A648-4A46-AE54-848CD7AA209D}.Release|Any CPU.Build.0 = Release|Any CPU
		{4C8339CC-DDA9-4E91-BA3F-BFC70266580D}.Debug|Any CPU.ActiveCfg = Debug|Any CPU
		{4C8339CC-DDA9-4E91-BA3F-BFC70266580D}.Debug|Any CPU.Build.0 = Debug|Any CPU
		{4C8339CC-DDA9-4E91-BA3F-BFC70266580D}.Release|Any CPU.ActiveCfg = Release|Any CPU
		{4C8339CC-DDA9-4E91-BA3F-BFC70266580D}.Release|Any CPU.Build.0 = Release|Any CPU
		{1475D213-DB0A-4A37-B72C-105DA1A58E6F}.Debug|Any CPU.ActiveCfg = Debug|Any CPU
		{1475D213-DB0A-4A37-B72C-105DA1A58E6F}.Debug|Any CPU.Build.0 = Debug|Any CPU
		{1475D213-DB0A-4A37-B72C-105DA1A58E6F}.Release|Any CPU.ActiveCfg = Release|Any CPU
		{1475D213-DB0A-4A37-B72C-105DA1A58E6F}.Release|Any CPU.Build.0 = Release|Any CPU
		{AF13953F-BD25-42C1-B8E1-2CB16D02802F}.Debug|Any CPU.ActiveCfg = Debug|Any CPU
		{AF13953F-BD25-42C1-B8E1-2CB16D02802F}.Debug|Any CPU.Build.0 = Debug|Any CPU
		{AF13953F-BD25-42C1-B8E1-2CB16D02802F}.Release|Any CPU.ActiveCfg = Release|Any CPU
		{AF13953F-BD25-42C1-B8E1-2CB16D02802F}.Release|Any CPU.Build.0 = Release|Any CPU
		{B94B60E3-5659-48FE-A2D7-EE1A2B3863A8}.Debug|Any CPU.ActiveCfg = Debug|Any CPU
		{B94B60E3-5659-48FE-A2D7-EE1A2B3863A8}.Debug|Any CPU.Build.0 = Debug|Any CPU
		{B94B60E3-5659-48FE-A2D7-EE1A2B3863A8}.Release|Any CPU.ActiveCfg = Release|Any CPU
		{B94B60E3-5659-48FE-A2D7-EE1A2B3863A8}.Release|Any CPU.Build.0 = Release|Any CPU
		{4CBE42D2-C01D-428C-A2E1-1AC54C55BB05}.Debug|Any CPU.ActiveCfg = Debug|Any CPU
		{4CBE42D2-C01D-428C-A2E1-1AC54C55BB05}.Debug|Any CPU.Build.0 = Debug|Any CPU
		{4CBE42D2-C01D-428C-A2E1-1AC54C55BB05}.Release|Any CPU.ActiveCfg = Release|Any CPU
		{4CBE42D2-C01D-428C-A2E1-1AC54C55BB05}.Release|Any CPU.Build.0 = Release|Any CPU
		{96DBD08E-0801-4CBA-A144-B30AE60AF491}.Debug|Any CPU.ActiveCfg = Debug|Any CPU
		{96DBD08E-0801-4CBA-A144-B30AE60AF491}.Debug|Any CPU.Build.0 = Debug|Any CPU
		{96DBD08E-0801-4CBA-A144-B30AE60AF491}.Release|Any CPU.ActiveCfg = Release|Any CPU
		{96DBD08E-0801-4CBA-A144-B30AE60AF491}.Release|Any CPU.Build.0 = Release|Any CPU
		{143DAA09-AD64-4431-A4EF-01960327B2F6}.Debug|Any CPU.ActiveCfg = Debug|Any CPU
		{143DAA09-AD64-4431-A4EF-01960327B2F6}.Debug|Any CPU.Build.0 = Debug|Any CPU
		{143DAA09-AD64-4431-A4EF-01960327B2F6}.Release|Any CPU.ActiveCfg = Release|Any CPU
		{143DAA09-AD64-4431-A4EF-01960327B2F6}.Release|Any CPU.Build.0 = Release|Any CPU
		{535C9036-CE46-4B70-9945-C9C85B90A04B}.Debug|Any CPU.ActiveCfg = Debug|Any CPU
		{535C9036-CE46-4B70-9945-C9C85B90A04B}.Debug|Any CPU.Build.0 = Debug|Any CPU
		{535C9036-CE46-4B70-9945-C9C85B90A04B}.Release|Any CPU.ActiveCfg = Release|Any CPU
		{535C9036-CE46-4B70-9945-C9C85B90A04B}.Release|Any CPU.Build.0 = Release|Any CPU
		{799CB80F-942A-4AC0-B7E4-6D2EC9586CF8}.Debug|Any CPU.ActiveCfg = Debug|Any CPU
		{799CB80F-942A-4AC0-B7E4-6D2EC9586CF8}.Debug|Any CPU.Build.0 = Debug|Any CPU
		{799CB80F-942A-4AC0-B7E4-6D2EC9586CF8}.Release|Any CPU.ActiveCfg = Release|Any CPU
		{799CB80F-942A-4AC0-B7E4-6D2EC9586CF8}.Release|Any CPU.Build.0 = Release|Any CPU
		{5A4B7CEB-9745-41C5-B541-31C131EB8D77}.Debug|Any CPU.ActiveCfg = Debug|Any CPU
		{5A4B7CEB-9745-41C5-B541-31C131EB8D77}.Debug|Any CPU.Build.0 = Debug|Any CPU
		{5A4B7CEB-9745-41C5-B541-31C131EB8D77}.Release|Any CPU.ActiveCfg = Release|Any CPU
		{5A4B7CEB-9745-41C5-B541-31C131EB8D77}.Release|Any CPU.Build.0 = Release|Any CPU
		{43EC56FD-08A7-4409-97B7-5269AABACB9B}.Debug|Any CPU.ActiveCfg = Debug|Any CPU
		{43EC56FD-08A7-4409-97B7-5269AABACB9B}.Debug|Any CPU.Build.0 = Debug|Any CPU
		{43EC56FD-08A7-4409-97B7-5269AABACB9B}.Release|Any CPU.ActiveCfg = Release|Any CPU
		{43EC56FD-08A7-4409-97B7-5269AABACB9B}.Release|Any CPU.Build.0 = Release|Any CPU
		{31ACAD88-4802-4232-B08B-0E29DE3A4E1E}.Debug|Any CPU.ActiveCfg = Debug|Any CPU
		{31ACAD88-4802-4232-B08B-0E29DE3A4E1E}.Debug|Any CPU.Build.0 = Debug|Any CPU
		{31ACAD88-4802-4232-B08B-0E29DE3A4E1E}.Release|Any CPU.ActiveCfg = Release|Any CPU
		{31ACAD88-4802-4232-B08B-0E29DE3A4E1E}.Release|Any CPU.Build.0 = Release|Any CPU
		{41102F51-F407-4785-9AFE-3D188C490889}.Debug|Any CPU.ActiveCfg = Debug|Any CPU
		{41102F51-F407-4785-9AFE-3D188C490889}.Debug|Any CPU.Build.0 = Debug|Any CPU
		{41102F51-F407-4785-9AFE-3D188C490889}.Release|Any CPU.ActiveCfg = Release|Any CPU
		{41102F51-F407-4785-9AFE-3D188C490889}.Release|Any CPU.Build.0 = Release|Any CPU
		{69F08CDD-E8CD-42D0-B8C6-561D95D1D596}.Debug|Any CPU.ActiveCfg = Debug|Any CPU
		{69F08CDD-E8CD-42D0-B8C6-561D95D1D596}.Debug|Any CPU.Build.0 = Debug|Any CPU
		{69F08CDD-E8CD-42D0-B8C6-561D95D1D596}.Release|Any CPU.ActiveCfg = Release|Any CPU
		{69F08CDD-E8CD-42D0-B8C6-561D95D1D596}.Release|Any CPU.Build.0 = Release|Any CPU
		{8D4C9508-F830-43BE-971D-77C39DC6F0F6}.Debug|Any CPU.ActiveCfg = Debug|Any CPU
		{8D4C9508-F830-43BE-971D-77C39DC6F0F6}.Debug|Any CPU.Build.0 = Debug|Any CPU
		{8D4C9508-F830-43BE-971D-77C39DC6F0F6}.Release|Any CPU.ActiveCfg = Release|Any CPU
		{8D4C9508-F830-43BE-971D-77C39DC6F0F6}.Release|Any CPU.Build.0 = Release|Any CPU
		{41F1A082-9968-4677-A7F3-C1031CCE992D}.Debug|Any CPU.ActiveCfg = Debug|Any CPU
		{41F1A082-9968-4677-A7F3-C1031CCE992D}.Debug|Any CPU.Build.0 = Debug|Any CPU
		{41F1A082-9968-4677-A7F3-C1031CCE992D}.Release|Any CPU.ActiveCfg = Release|Any CPU
		{41F1A082-9968-4677-A7F3-C1031CCE992D}.Release|Any CPU.Build.0 = Release|Any CPU
		{008F5BE3-8B66-4BBE-A5EA-2795A086B144}.Debug|Any CPU.ActiveCfg = Debug|Any CPU
		{008F5BE3-8B66-4BBE-A5EA-2795A086B144}.Debug|Any CPU.Build.0 = Debug|Any CPU
		{008F5BE3-8B66-4BBE-A5EA-2795A086B144}.Release|Any CPU.ActiveCfg = Release|Any CPU
		{008F5BE3-8B66-4BBE-A5EA-2795A086B144}.Release|Any CPU.Build.0 = Release|Any CPU
		{0F0D19AD-A77D-4371-A0A4-B8A0CD98C194}.Debug|Any CPU.ActiveCfg = Debug|Any CPU
		{0F0D19AD-A77D-4371-A0A4-B8A0CD98C194}.Debug|Any CPU.Build.0 = Debug|Any CPU
		{0F0D19AD-A77D-4371-A0A4-B8A0CD98C194}.Release|Any CPU.ActiveCfg = Release|Any CPU
		{0F0D19AD-A77D-4371-A0A4-B8A0CD98C194}.Release|Any CPU.Build.0 = Release|Any CPU
		{68EB1C74-16D6-41BB-A186-0113B2040719}.Debug|Any CPU.ActiveCfg = Debug|Any CPU
		{68EB1C74-16D6-41BB-A186-0113B2040719}.Debug|Any CPU.Build.0 = Debug|Any CPU
		{68EB1C74-16D6-41BB-A186-0113B2040719}.Release|Any CPU.ActiveCfg = Release|Any CPU
		{68EB1C74-16D6-41BB-A186-0113B2040719}.Release|Any CPU.Build.0 = Release|Any CPU
		{A5DCE118-BBB1-41FF-8034-51C5B0B5F3C7}.Debug|Any CPU.ActiveCfg = Debug|Any CPU
		{A5DCE118-BBB1-41FF-8034-51C5B0B5F3C7}.Debug|Any CPU.Build.0 = Debug|Any CPU
		{A5DCE118-BBB1-41FF-8034-51C5B0B5F3C7}.Release|Any CPU.ActiveCfg = Release|Any CPU
		{A5DCE118-BBB1-41FF-8034-51C5B0B5F3C7}.Release|Any CPU.Build.0 = Release|Any CPU
		{D72EF0BE-42B1-4E45-B0C9-369A361945A2}.Debug|Any CPU.ActiveCfg = Debug|Any CPU
		{D72EF0BE-42B1-4E45-B0C9-369A361945A2}.Debug|Any CPU.Build.0 = Debug|Any CPU
		{D72EF0BE-42B1-4E45-B0C9-369A361945A2}.Release|Any CPU.ActiveCfg = Release|Any CPU
		{D72EF0BE-42B1-4E45-B0C9-369A361945A2}.Release|Any CPU.Build.0 = Release|Any CPU
		{F60A8C36-2B5C-4835-8946-47193726B4AD}.Debug|Any CPU.ActiveCfg = Debug|Any CPU
		{F60A8C36-2B5C-4835-8946-47193726B4AD}.Debug|Any CPU.Build.0 = Debug|Any CPU
		{F60A8C36-2B5C-4835-8946-47193726B4AD}.Release|Any CPU.ActiveCfg = Release|Any CPU
		{F60A8C36-2B5C-4835-8946-47193726B4AD}.Release|Any CPU.Build.0 = Release|Any CPU
		{92114E09-F85E-40A1-9A7D-05A4119A7C3A}.Debug|Any CPU.ActiveCfg = Debug|Any CPU
		{92114E09-F85E-40A1-9A7D-05A4119A7C3A}.Debug|Any CPU.Build.0 = Debug|Any CPU
		{92114E09-F85E-40A1-9A7D-05A4119A7C3A}.Release|Any CPU.ActiveCfg = Release|Any CPU
		{92114E09-F85E-40A1-9A7D-05A4119A7C3A}.Release|Any CPU.Build.0 = Release|Any CPU
		{222D84BB-49DD-477C-9BF9-30F3EAA2CCD5}.Debug|Any CPU.ActiveCfg = Debug|Any CPU
		{222D84BB-49DD-477C-9BF9-30F3EAA2CCD5}.Debug|Any CPU.Build.0 = Debug|Any CPU
		{222D84BB-49DD-477C-9BF9-30F3EAA2CCD5}.Release|Any CPU.ActiveCfg = Release|Any CPU
		{222D84BB-49DD-477C-9BF9-30F3EAA2CCD5}.Release|Any CPU.Build.0 = Release|Any CPU
		{0F98DC8E-C6F8-4C4E-95A3-B43BC136E0C5}.Debug|Any CPU.ActiveCfg = Debug|Any CPU
		{0F98DC8E-C6F8-4C4E-95A3-B43BC136E0C5}.Debug|Any CPU.Build.0 = Debug|Any CPU
		{0F98DC8E-C6F8-4C4E-95A3-B43BC136E0C5}.Release|Any CPU.ActiveCfg = Release|Any CPU
		{0F98DC8E-C6F8-4C4E-95A3-B43BC136E0C5}.Release|Any CPU.Build.0 = Release|Any CPU
		{87B0D2C2-F2B4-4260-B914-3F9597ACC0FC}.Debug|Any CPU.ActiveCfg = Debug|Any CPU
		{87B0D2C2-F2B4-4260-B914-3F9597ACC0FC}.Debug|Any CPU.Build.0 = Debug|Any CPU
		{87B0D2C2-F2B4-4260-B914-3F9597ACC0FC}.Release|Any CPU.ActiveCfg = Release|Any CPU
		{87B0D2C2-F2B4-4260-B914-3F9597ACC0FC}.Release|Any CPU.Build.0 = Release|Any CPU
		{5E88FD90-A21F-4F69-8154-1A851016BE73}.Debug|Any CPU.ActiveCfg = Debug|Any CPU
		{5E88FD90-A21F-4F69-8154-1A851016BE73}.Debug|Any CPU.Build.0 = Debug|Any CPU
		{5E88FD90-A21F-4F69-8154-1A851016BE73}.Release|Any CPU.ActiveCfg = Release|Any CPU
		{5E88FD90-A21F-4F69-8154-1A851016BE73}.Release|Any CPU.Build.0 = Release|Any CPU
		{4A9B5D96-75B5-449B-8550-BFB6900D84FD}.Debug|Any CPU.ActiveCfg = Debug|Any CPU
		{4A9B5D96-75B5-449B-8550-BFB6900D84FD}.Debug|Any CPU.Build.0 = Debug|Any CPU
		{4A9B5D96-75B5-449B-8550-BFB6900D84FD}.Release|Any CPU.ActiveCfg = Release|Any CPU
		{4A9B5D96-75B5-449B-8550-BFB6900D84FD}.Release|Any CPU.Build.0 = Release|Any CPU
		{55125700-EB9B-43B6-B9F6-B9244F695BAF}.Debug|Any CPU.ActiveCfg = Debug|Any CPU
		{55125700-EB9B-43B6-B9F6-B9244F695BAF}.Debug|Any CPU.Build.0 = Debug|Any CPU
		{55125700-EB9B-43B6-B9F6-B9244F695BAF}.Release|Any CPU.ActiveCfg = Release|Any CPU
		{55125700-EB9B-43B6-B9F6-B9244F695BAF}.Release|Any CPU.Build.0 = Release|Any CPU
		{24E21C3A-92D1-4D38-81A0-E393D83EE73E}.Debug|Any CPU.ActiveCfg = Debug|Any CPU
		{24E21C3A-92D1-4D38-81A0-E393D83EE73E}.Debug|Any CPU.Build.0 = Debug|Any CPU
		{24E21C3A-92D1-4D38-81A0-E393D83EE73E}.Release|Any CPU.ActiveCfg = Release|Any CPU
		{24E21C3A-92D1-4D38-81A0-E393D83EE73E}.Release|Any CPU.Build.0 = Release|Any CPU
		{680A0F32-3AB7-49F0-AEB7-CBF0D3C4DDFB}.Debug|Any CPU.ActiveCfg = Debug|Any CPU
		{680A0F32-3AB7-49F0-AEB7-CBF0D3C4DDFB}.Debug|Any CPU.Build.0 = Debug|Any CPU
		{680A0F32-3AB7-49F0-AEB7-CBF0D3C4DDFB}.Release|Any CPU.ActiveCfg = Release|Any CPU
		{680A0F32-3AB7-49F0-AEB7-CBF0D3C4DDFB}.Release|Any CPU.Build.0 = Release|Any CPU
		{9A6D85F6-17BC-4C02-918B-AE9C7BA156E7}.Debug|Any CPU.ActiveCfg = Debug|Any CPU
		{9A6D85F6-17BC-4C02-918B-AE9C7BA156E7}.Debug|Any CPU.Build.0 = Debug|Any CPU
		{9A6D85F6-17BC-4C02-918B-AE9C7BA156E7}.Release|Any CPU.ActiveCfg = Release|Any CPU
		{9A6D85F6-17BC-4C02-918B-AE9C7BA156E7}.Release|Any CPU.Build.0 = Release|Any CPU
	EndGlobalSection
	GlobalSection(SolutionProperties) = preSolution
		HideSolutionNode = FALSE
	EndGlobalSection
	GlobalSection(ExtensibilityGlobals) = postSolution
		SolutionGuid = {2C023478-830F-46FA-A136-06E2FC878867}
	EndGlobalSection
EndGlobal
